
Microsoft Visual Studio Solution File, Format Version 12.00
# Visual Studio Version 17
VisualStudioVersion = 17.5.33627.172
MinimumVisualStudioVersion = 10.0.40219.1
Project("{FAE04EC0-301F-11D3-BF4B-00C04F79EFBC}") = "K8", "K8\K8.csproj", "{3B46F7C4-6BCB-4CFF-B88A-ACDE7F19E9EA}"
EndProject
Project("{FAE04EC0-301F-11D3-BF4B-00C04F79EFBC}") = "Hello World", "ClassLibrary1\Hello World.csproj", "{C2607236-81BD-474A-98C6-66802A5A4596}"
EndProject
Global
	GlobalSection(SolutionConfigurationPlatforms) = preSolution
		Debug|Any CPU = Debug|Any CPU
		Release|Any CPU = Release|Any CPU
	EndGlobalSection
	GlobalSection(ProjectConfigurationPlatforms) = postSolution
		{3B46F7C4-6BCB-4CFF-B88A-ACDE7F19E9EA}.Debug|Any CPU.ActiveCfg = Debug|Any CPU
		{3B46F7C4-6BCB-4CFF-B88A-ACDE7F19E9EA}.Debug|Any CPU.Build.0 = Debug|Any CPU
		{3B46F7C4-6BCB-4CFF-B88A-ACDE7F19E9EA}.Release|Any CPU.ActiveCfg = Release|Any CPU
		{3B46F7C4-6BCB-4CFF-B88A-ACDE7F19E9EA}.Release|Any CPU.Build.0 = Release|Any CPU
		{C2607236-81BD-474A-98C6-66802A5A4596}.Debug|Any CPU.ActiveCfg = Debug|Any CPU
		{C2607236-81BD-474A-98C6-66802A5A4596}.Debug|Any CPU.Build.0 = Debug|Any CPU
		{C2607236-81BD-474A-98C6-66802A5A4596}.Release|Any CPU.ActiveCfg = Release|Any CPU
		{C2607236-81BD-474A-98C6-66802A5A4596}.Release|Any CPU.Build.0 = Release|Any CPU
	EndGlobalSection
	GlobalSection(SolutionProperties) = preSolution
		HideSolutionNode = FALSE
	EndGlobalSection
	GlobalSection(ExtensibilityGlobals) = postSolution
		SolutionGuid = {2EA30D23-C066-48B8-A720-A8CA426D6868}
	EndGlobalSection
EndGlobal
